
Microsoft Visual Studio Solution File, Format Version 12.00
# Visual Studio Version 16
VisualStudioVersion = 16.0.29806.167
MinimumVisualStudioVersion = 10.0.40219.1
Project("{FAE04EC0-301F-11D3-BF4B-00C04F79EFBC}") = "BiztalkAdminAPI", "BiztalkAdminAPI\BiztalkAdminAPI.csproj", "{B6744230-A263-45B8-B649-FEE07FE06172}"
EndProject
Project("{FAE04EC0-301F-11D3-BF4B-00C04F79EFBC}") = "BiztalkAdminAPI.Tests", "BiztalkAdminAPI.Tests\BiztalkAdminAPI.Tests.csproj", "{E553A2AC-74B1-4D77-BBDD-4237295C6D8B}"
EndProject
Global
	GlobalSection(SolutionConfigurationPlatforms) = preSolution
		Debug|Any CPU = Debug|Any CPU
		Release|Any CPU = Release|Any CPU
	EndGlobalSection
	GlobalSection(ProjectConfigurationPlatforms) = postSolution
		{B6744230-A263-45B8-B649-FEE07FE06172}.Debug|Any CPU.ActiveCfg = Debug|Any CPU
		{B6744230-A263-45B8-B649-FEE07FE06172}.Debug|Any CPU.Build.0 = Debug|Any CPU
		{B6744230-A263-45B8-B649-FEE07FE06172}.Release|Any CPU.ActiveCfg = Release|Any CPU
		{B6744230-A263-45B8-B649-FEE07FE06172}.Release|Any CPU.Build.0 = Release|Any CPU
		{E553A2AC-74B1-4D77-BBDD-4237295C6D8B}.Debug|Any CPU.ActiveCfg = Debug|Any CPU
		{E553A2AC-74B1-4D77-BBDD-4237295C6D8B}.Debug|Any CPU.Build.0 = Debug|Any CPU
		{E553A2AC-74B1-4D77-BBDD-4237295C6D8B}.Release|Any CPU.ActiveCfg = Release|Any CPU
		{E553A2AC-74B1-4D77-BBDD-4237295C6D8B}.Release|Any CPU.Build.0 = Release|Any CPU
	EndGlobalSection
	GlobalSection(SolutionProperties) = preSolution
		HideSolutionNode = FALSE
	EndGlobalSection
	GlobalSection(ExtensibilityGlobals) = postSolution
		SolutionGuid = {325D99C5-FE1A-44A9-BBFC-27282887C8C8}
	EndGlobalSection
EndGlobal
